
Microsoft Visual Studio Solution File, Format Version 12.00
# Visual Studio 2012
Project("{F2A71F9B-5D33-465A-A702-920D77279786}") = "HitchGen", "HitchGen\HitchGen.fsproj", "{589147BD-EB2F-452A-9047-50EA5D291F9F}"
EndProject
Global
	GlobalSection(SolutionConfigurationPlatforms) = preSolution
		Debug|Any CPU = Debug|Any CPU
		Release|Any CPU = Release|Any CPU
	EndGlobalSection
	GlobalSection(ProjectConfigurationPlatforms) = postSolution
		{589147BD-EB2F-452A-9047-50EA5D291F9F}.Debug|Any CPU.ActiveCfg = Debug|Any CPU
		{589147BD-EB2F-452A-9047-50EA5D291F9F}.Debug|Any CPU.Build.0 = Debug|Any CPU
		{589147BD-EB2F-452A-9047-50EA5D291F9F}.Release|Any CPU.ActiveCfg = Release|Any CPU
		{589147BD-EB2F-452A-9047-50EA5D291F9F}.Release|Any CPU.Build.0 = Release|Any CPU
	EndGlobalSection
	GlobalSection(SolutionProperties) = preSolution
		HideSolutionNode = FALSE
	EndGlobalSection
EndGlobal
